
Microsoft Visual Studio Solution File, Format Version 12.00
# Visual Studio Version 17
VisualStudioVersion = 17.8.34309.116
MinimumVisualStudioVersion = 10.0.40219.1
Project("{9A19103F-16F7-4668-BE54-9A1E7A4F7556}") = "Spyrosoft.Api", "Spyrosoft.Api\Spyrosoft.Api.csproj", "{699EF43B-A350-4F41-9035-45E1D60A058A}"
EndProject
Project("{9A19103F-16F7-4668-BE54-9A1E7A4F7556}") = "Spyrosoft.CommonInfrastructure", "Spyrosoft.CommonInfrastructure\Spyrosoft.CommonInfrastructure.csproj", "{54F7BDE4-F6B0-4542-AAD5-BA5C1FEEF4A3}"
EndProject
Project("{9A19103F-16F7-4668-BE54-9A1E7A4F7556}") = "Spyrosoft.Core", "Spyrosoft.Core\Spyrosoft.Core.csproj", "{29E9DE14-A972-4E15-8E46-21BEFD92596A}"
EndProject
Project("{E53339B2-1760-4266-BCC7-CA923CBCF16C}") = "docker-compose", "docker-compose.dcproj", "{AF701BE7-6F42-40B6-B542-F393BD7F1F12}"
EndProject
Global
	GlobalSection(SolutionConfigurationPlatforms) = preSolution
		Debug|Any CPU = Debug|Any CPU
		Release|Any CPU = Release|Any CPU
	EndGlobalSection
	GlobalSection(ProjectConfigurationPlatforms) = postSolution
		{699EF43B-A350-4F41-9035-45E1D60A058A}.Debug|Any CPU.ActiveCfg = Debug|Any CPU
		{699EF43B-A350-4F41-9035-45E1D60A058A}.Debug|Any CPU.Build.0 = Debug|Any CPU
		{699EF43B-A350-4F41-9035-45E1D60A058A}.Release|Any CPU.ActiveCfg = Release|Any CPU
		{699EF43B-A350-4F41-9035-45E1D60A058A}.Release|Any CPU.Build.0 = Release|Any CPU
		{54F7BDE4-F6B0-4542-AAD5-BA5C1FEEF4A3}.Debug|Any CPU.ActiveCfg = Debug|Any CPU
		{54F7BDE4-F6B0-4542-AAD5-BA5C1FEEF4A3}.Debug|Any CPU.Build.0 = Debug|Any CPU
		{54F7BDE4-F6B0-4542-AAD5-BA5C1FEEF4A3}.Release|Any CPU.ActiveCfg = Release|Any CPU
		{54F7BDE4-F6B0-4542-AAD5-BA5C1FEEF4A3}.Release|Any CPU.Build.0 = Release|Any CPU
		{29E9DE14-A972-4E15-8E46-21BEFD92596A}.Debug|Any CPU.ActiveCfg = Debug|Any CPU
		{29E9DE14-A972-4E15-8E46-21BEFD92596A}.Debug|Any CPU.Build.0 = Debug|Any CPU
		{29E9DE14-A972-4E15-8E46-21BEFD92596A}.Release|Any CPU.ActiveCfg = Release|Any CPU
		{29E9DE14-A972-4E15-8E46-21BEFD92596A}.Release|Any CPU.Build.0 = Release|Any CPU
		{AF701BE7-6F42-40B6-B542-F393BD7F1F12}.Debug|Any CPU.ActiveCfg = Debug|Any CPU
		{AF701BE7-6F42-40B6-B542-F393BD7F1F12}.Debug|Any CPU.Build.0 = Debug|Any CPU
		{AF701BE7-6F42-40B6-B542-F393BD7F1F12}.Release|Any CPU.ActiveCfg = Release|Any CPU
		{AF701BE7-6F42-40B6-B542-F393BD7F1F12}.Release|Any CPU.Build.0 = Release|Any CPU
	EndGlobalSection
	GlobalSection(SolutionProperties) = preSolution
		HideSolutionNode = FALSE
	EndGlobalSection
	GlobalSection(ExtensibilityGlobals) = postSolution
		SolutionGuid = {C1176FA4-1328-4A54-BE7D-EBA41E4F8E73}
	EndGlobalSection
EndGlobal
